// !$*UTF8*$!
{
	archiveVersion = 1;
	classes = {
	};
	objectVersion = 46;
	objects = {

/* Begin PBXBuildFile section */
		B5536B1D1E3F688E00AB54DA /* AppDelegate.swift in Sources */ = {isa = PBXBuildFile; fileRef = B5536B1C1E3F688E00AB54DA /* AppDelegate.swift */; };
		B5536B1F1E3F688E00AB54DA /* ViewController.swift in Sources */ = {isa = PBXBuildFile; fileRef = B5536B1E1E3F688E00AB54DA /* ViewController.swift */; };
		B5536B221E3F688E00AB54DA /* Main.storyboard in Resources */ = {isa = PBXBuildFile; fileRef = B5536B201E3F688E00AB54DA /* Main.storyboard */; };
		B5536B241E3F688E00AB54DA /* Assets.xcassets in Resources */ = {isa = PBXBuildFile; fileRef = B5536B231E3F688E00AB54DA /* Assets.xcassets */; };
		B5536B271E3F688E00AB54DA /* LaunchScreen.storyboard in Resources */ = {isa = PBXBuildFile; fileRef = B5536B251E3F688E00AB54DA /* LaunchScreen.storyboard */; };
		B5536B3D1E3F688E00AB54DA /* FizzBuzzUITests.swift in Sources */ = {isa = PBXBuildFile; fileRef = B5536B3C1E3F688E00AB54DA /* FizzBuzzUITests.swift */; };
		B5536B4E1E3F6A6B00AB54DA /* Brain.swift in Sources */ = {isa = PBXBuildFile; fileRef = B5536B4D1E3F6A6B00AB54DA /* Brain.swift */; };
		B5536B501E3F6B3700AB54DA /* BrainTests.swift in Sources */ = {isa = PBXBuildFile; fileRef = B5536B4F1E3F6B3700AB54DA /* BrainTests.swift */; };
/* End PBXBuildFile section */

/* Begin PBXContainerItemProxy section */
		B5536B2E1E3F688E00AB54DA /* PBXContainerItemProxy */ = {
			isa = PBXContainerItemProxy;
			containerPortal = B5536B111E3F688E00AB54DA /* Project object */;
			proxyType = 1;
			remoteGlobalIDString = B5536B181E3F688E00AB54DA;
			remoteInfo = FizzBuzz;
		};
		B5536B391E3F688E00AB54DA /* PBXContainerItemProxy */ = {
			isa = PBXContainerItemProxy;
			containerPortal = B5536B111E3F688E00AB54DA /* Project object */;
			proxyType = 1;
			remoteGlobalIDString = B5536B181E3F688E00AB54DA;
			remoteInfo = FizzBuzz;
		};
/* End PBXContainerItemProxy section */

/* Begin PBXFileReference section */
		B5536B191E3F688E00AB54DA /* FizzBuzz.app */ = {isa = PBXFileReference; explicitFileType = wrapper.application; includeInIndex = 0; path = FizzBuzz.app; sourceTree = BUILT_PRODUCTS_DIR; };
		B5536B1C1E3F688E00AB54DA /* AppDelegate.swift */ = {isa = PBXFileReference; lastKnownFileType = sourcecode.swift; path = AppDelegate.swift; sourceTree = "<group>"; };
		B5536B1E1E3F688E00AB54DA /* ViewController.swift */ = {isa = PBXFileReference; lastKnownFileType = sourcecode.swift; path = ViewController.swift; sourceTree = "<group>"; };
		B5536B211E3F688E00AB54DA /* Base */ = {isa = PBXFileReference; lastKnownFileType = file.storyboard; name = Base; path = Base.lproj/Main.storyboard; sourceTree = "<group>"; };
		B5536B231E3F688E00AB54DA /* Assets.xcassets */ = {isa = PBXFileReference; lastKnownFileType = folder.assetcatalog; path = Assets.xcassets; sourceTree = "<group>"; };
		B5536B261E3F688E00AB54DA /* Base */ = {isa = PBXFileReference; lastKnownFileType = file.storyboard; name = Base; path = Base.lproj/LaunchScreen.storyboard; sourceTree = "<group>"; };
		B5536B281E3F688E00AB54DA /* Info.plist */ = {isa = PBXFileReference; lastKnownFileType = text.plist.xml; path = Info.plist; sourceTree = "<group>"; };
		B5536B2D1E3F688E00AB54DA /* FizzBuzzTests.xctest */ = {isa = PBXFileReference; explicitFileType = wrapper.cfbundle; includeInIndex = 0; path = FizzBuzzTests.xctest; sourceTree = BUILT_PRODUCTS_DIR; };
		B5536B331E3F688E00AB54DA /* Info.plist */ = {isa = PBXFileReference; lastKnownFileType = text.plist.xml; path = Info.plist; sourceTree = "<group>"; };
		B5536B381E3F688E00AB54DA /* FizzBuzzUITests.xctest */ = {isa = PBXFileReference; explicitFileType = wrapper.cfbundle; includeInIndex = 0; path = FizzBuzzUITests.xctest; sourceTree = BUILT_PRODUCTS_DIR; };
		B5536B3C1E3F688E00AB54DA /* FizzBuzzUITests.swift */ = {isa = PBXFileReference; lastKnownFileType = sourcecode.swift; path = FizzBuzzUITests.swift; sourceTree = "<group>"; };
		B5536B3E1E3F688E00AB54DA /* Info.plist */ = {isa = PBXFileReference; lastKnownFileType = text.plist.xml; path = Info.plist; sourceTree = "<group>"; };
		B5536B4A1E3F694800AB54DA /* FizzBuzzTests-Bridging-Header.h */ = {isa = PBXFileReference; lastKnownFileType = sourcecode.c.h; path = "FizzBuzzTests-Bridging-Header.h"; sourceTree = "<group>"; };
		B5536B4D1E3F6A6B00AB54DA /* Brain.swift */ = {isa = PBXFileReference; fileEncoding = 4; lastKnownFileType = sourcecode.swift; path = Brain.swift; sourceTree = "<group>"; };
		B5536B4F1E3F6B3700AB54DA /* BrainTests.swift */ = {isa = PBXFileReference; fileEncoding = 4; lastKnownFileType = sourcecode.swift; path = BrainTests.swift; sourceTree = "<group>"; };
/* End PBXFileReference section */

/* Begin PBXFrameworksBuildPhase section */
		B5536B161E3F688E00AB54DA /* Frameworks */ = {
			isa = PBXFrameworksBuildPhase;
			buildActionMask = 2147483647;
			files = (
			);
			runOnlyForDeploymentPostprocessing = 0;
		};
		B5536B2A1E3F688E00AB54DA /* Frameworks */ = {
			isa = PBXFrameworksBuildPhase;
			buildActionMask = 2147483647;
			files = (
			);
			runOnlyForDeploymentPostprocessing = 0;
		};
		B5536B351E3F688E00AB54DA /* Frameworks */ = {
			isa = PBXFrameworksBuildPhase;
			buildActionMask = 2147483647;
			files = (
			);
			runOnlyForDeploymentPostprocessing = 0;
		};
/* End PBXFrameworksBuildPhase section */

/* Begin PBXGroup section */
		B5536B101E3F688E00AB54DA = {
			isa = PBXGroup;
			children = (
				B5536B1B1E3F688E00AB54DA /* FizzBuzz */,
				B5536B301E3F688E00AB54DA /* FizzBuzzTests */,
				B5536B3B1E3F688E00AB54DA /* FizzBuzzUITests */,
				B5536B1A1E3F688E00AB54DA /* Products */,
				B5536B4A1E3F694800AB54DA /* FizzBuzzTests-Bridging-Header.h */,
			);
			sourceTree = "<group>";
		};
		B5536B1A1E3F688E00AB54DA /* Products */ = {
			isa = PBXGroup;
			children = (
				B5536B191E3F688E00AB54DA /* FizzBuzz.app */,
				B5536B2D1E3F688E00AB54DA /* FizzBuzzTests.xctest */,
				B5536B381E3F688E00AB54DA /* FizzBuzzUITests.xctest */,
			);
			name = Products;
			sourceTree = "<group>";
		};
		B5536B1B1E3F688E00AB54DA /* FizzBuzz */ = {
			isa = PBXGroup;
			children = (
				B5536B1C1E3F688E00AB54DA /* AppDelegate.swift */,
				B5536B4D1E3F6A6B00AB54DA /* Brain.swift */,
				B5536B1E1E3F688E00AB54DA /* ViewController.swift */,
				B5536B201E3F688E00AB54DA /* Main.storyboard */,
				B5536B231E3F688E00AB54DA /* Assets.xcassets */,
				B5536B251E3F688E00AB54DA /* LaunchScreen.storyboard */,
				B5536B281E3F688E00AB54DA /* Info.plist */,
			);
			path = FizzBuzz;
			sourceTree = "<group>";
		};
		B5536B301E3F688E00AB54DA /* FizzBuzzTests */ = {
			isa = PBXGroup;
			children = (
				B5536B331E3F688E00AB54DA /* Info.plist */,
				B5536B4F1E3F6B3700AB54DA /* BrainTests.swift */,
			);
			path = FizzBuzzTests;
			sourceTree = "<group>";
		};
		B5536B3B1E3F688E00AB54DA /* FizzBuzzUITests */ = {
			isa = PBXGroup;
			children = (
				B5536B3C1E3F688E00AB54DA /* FizzBuzzUITests.swift */,
				B5536B3E1E3F688E00AB54DA /* Info.plist */,
			);
			path = FizzBuzzUITests;
			sourceTree = "<group>";
		};
/* End PBXGroup section */

/* Begin PBXNativeTarget section */
		B5536B181E3F688E00AB54DA /* FizzBuzz */ = {
			isa = PBXNativeTarget;
			buildConfigurationList = B5536B411E3F688E00AB54DA /* Build configuration list for PBXNativeTarget "FizzBuzz" */;
			buildPhases = (
				B5536B151E3F688E00AB54DA /* Sources */,
				B5536B161E3F688E00AB54DA /* Frameworks */,
				B5536B171E3F688E00AB54DA /* Resources */,
			);
			buildRules = (
			);
			dependencies = (
			);
			name = FizzBuzz;
			productName = FizzBuzz;
			productReference = B5536B191E3F688E00AB54DA /* FizzBuzz.app */;
			productType = "com.apple.product-type.application";
		};
		B5536B2C1E3F688E00AB54DA /* FizzBuzzTests */ = {
			isa = PBXNativeTarget;
			buildConfigurationList = B5536B441E3F688E00AB54DA /* Build configuration list for PBXNativeTarget "FizzBuzzTests" */;
			buildPhases = (
				B5536B291E3F688E00AB54DA /* Sources */,
				B5536B2A1E3F688E00AB54DA /* Frameworks */,
				B5536B2B1E3F688E00AB54DA /* Resources */,
			);
			buildRules = (
			);
			dependencies = (
				B5536B2F1E3F688E00AB54DA /* PBXTargetDependency */,
			);
			name = FizzBuzzTests;
			productName = FizzBuzzTests;
			productReference = B5536B2D1E3F688E00AB54DA /* FizzBuzzTests.xctest */;
			productType = "com.apple.product-type.bundle.unit-test";
		};
		B5536B371E3F688E00AB54DA /* FizzBuzzUITests */ = {
			isa = PBXNativeTarget;
			buildConfigurationList = B5536B471E3F688E00AB54DA /* Build configuration list for PBXNativeTarget "FizzBuzzUITests" */;
			buildPhases = (
				B5536B341E3F688E00AB54DA /* Sources */,
				B5536B351E3F688E00AB54DA /* Frameworks */,
				B5536B361E3F688E00AB54DA /* Resources */,
			);
			buildRules = (
			);
			dependencies = (
				B5536B3A1E3F688E00AB54DA /* PBXTargetDependency */,
			);
			name = FizzBuzzUITests;
			productName = FizzBuzzUITests;
			productReference = B5536B381E3F688E00AB54DA /* FizzBuzzUITests.xctest */;
			productType = "com.apple.product-type.bundle.ui-testing";
		};
/* End PBXNativeTarget section */

/* Begin PBXProject section */
		B5536B111E3F688E00AB54DA /* Project object */ = {
			isa = PBXProject;
			attributes = {
				LastSwiftUpdateCheck = 0820;
				LastUpgradeCheck = 0820;
				ORGANIZATIONNAME = "Courtney Osborn";
				TargetAttributes = {
					B5536B181E3F688E00AB54DA = {
						CreatedOnToolsVersion = 8.2.1;
						ProvisioningStyle = Automatic;
					};
					B5536B2C1E3F688E00AB54DA = {
						CreatedOnToolsVersion = 8.2.1;
						LastSwiftMigration = 0820;
						ProvisioningStyle = Automatic;
						TestTargetID = B5536B181E3F688E00AB54DA;
					};
					B5536B371E3F688E00AB54DA = {
						CreatedOnToolsVersion = 8.2.1;
						ProvisioningStyle = Automatic;
						TestTargetID = B5536B181E3F688E00AB54DA;
					};
				};
			};
			buildConfigurationList = B5536B141E3F688E00AB54DA /* Build configuration list for PBXProject "FizzBuzz" */;
			compatibilityVersion = "Xcode 3.2";
			developmentRegion = English;
			hasScannedForEncodings = 0;
			knownRegions = (
				en,
				Base,
			);
			mainGroup = B5536B101E3F688E00AB54DA;
			productRefGroup = B5536B1A1E3F688E00AB54DA /* Products */;
			projectDirPath = "";
			projectRoot = "";
			targets = (
				B5536B181E3F688E00AB54DA /* FizzBuzz */,
				B5536B2C1E3F688E00AB54DA /* FizzBuzzTests */,
				B5536B371E3F688E00AB54DA /* FizzBuzzUITests */,
			);
		};
/* End PBXProject section */

/* Begin PBXResourcesBuildPhase section */
		B5536B171E3F688E00AB54DA /* Resources */ = {
			isa = PBXResourcesBuildPhase;
			buildActionMask = 2147483647;
			files = (
				B5536B271E3F688E00AB54DA /* LaunchScreen.storyboard in Resources */,
				B5536B241E3F688E00AB54DA /* Assets.xcassets in Resources */,
				B5536B221E3F688E00AB54DA /* Main.storyboard in Resources */,
			);
			runOnlyForDeploymentPostprocessing = 0;
		};
		B5536B2B1E3F688E00AB54DA /* Resources */ = {
			isa = PBXResourcesBuildPhase;
			buildActionMask = 2147483647;
			files = (
			);
			runOnlyForDeploymentPostprocessing = 0;
		};
		B5536B361E3F688E00AB54DA /* Resources */ = {
			isa = PBXResourcesBuildPhase;
			buildActionMask = 2147483647;
			files = (
			);
			runOnlyForDeploymentPostprocessing = 0;
		};
/* End PBXResourcesBuildPhase section */

/* Begin PBXSourcesBuildPhase section */
		B5536B151E3F688E00AB54DA /* Sources */ = {
			isa = PBXSourcesBuildPhase;
			buildActionMask = 2147483647;
			files = (
				B5536B1F1E3F688E00AB54DA /* ViewController.swift in Sources */,
				B5536B4E1E3F6A6B00AB54DA /* Brain.swift in Sources */,
				B5536B1D1E3F688E00AB54DA /* AppDelegate.swift in Sources */,
			);
			runOnlyForDeploymentPostprocessing = 0;
		};
		B5536B291E3F688E00AB54DA /* Sources */ = {
			isa = PBXSourcesBuildPhase;
			buildActionMask = 2147483647;
			files = (
				B5536B501E3F6B3700AB54DA /* BrainTests.swift in Sources */,
			);
			runOnlyForDeploymentPostprocessing = 0;
		};
		B5536B341E3F688E00AB54DA /* Sources */ = {
			isa = PBXSourcesBuildPhase;
			buildActionMask = 2147483647;
			files = (
				B5536B3D1E3F688E00AB54DA /* FizzBuzzUITests.swift in Sources */,
			);
			runOnlyForDeploymentPostprocessing = 0;
		};
/* End PBXSourcesBuildPhase section */

/* Begin PBXTargetDependency section */
		B5536B2F1E3F688E00AB54DA /* PBXTargetDependency */ = {
			isa = PBXTargetDependency;
			target = B5536B181E3F688E00AB54DA /* FizzBuzz */;
			targetProxy = B5536B2E1E3F688E00AB54DA /* PBXContainerItemProxy */;
		};
		B5536B3A1E3F688E00AB54DA /* PBXTargetDependency */ = {
			isa = PBXTargetDependency;
			target = B5536B181E3F688E00AB54DA /* FizzBuzz */;
			targetProxy = B5536B391E3F688E00AB54DA /* PBXContainerItemProxy */;
		};
/* End PBXTargetDependency section */

/* Begin PBXVariantGroup section */
		B5536B201E3F688E00AB54DA /* Main.storyboard */ = {
			isa = PBXVariantGroup;
			children = (
				B5536B211E3F688E00AB54DA /* Base */,
			);
			name = Main.storyboard;
			sourceTree = "<group>";
		};
		B5536B251E3F688E00AB54DA /* LaunchScreen.storyboard */ = {
			isa = PBXVariantGroup;
			children = (
				B5536B261E3F688E00AB54DA /* Base */,
			);
			name = LaunchScreen.storyboard;
			sourceTree = "<group>";
		};
/* End PBXVariantGroup section */

/* Begin XCBuildConfiguration section */
		B5536B3F1E3F688E00AB54DA /* Debug */ = {
			isa = XCBuildConfiguration;
			buildSettings = {
				ALWAYS_SEARCH_USER_PATHS = NO;
				CLANG_ANALYZER_NONNULL = YES;
				CLANG_CXX_LANGUAGE_STANDARD = "gnu++0x";
				CLANG_CXX_LIBRARY = "libc++";
				CLANG_ENABLE_MODULES = YES;
				CLANG_ENABLE_OBJC_ARC = YES;
				CLANG_WARN_BOOL_CONVERSION = YES;
				CLANG_WARN_CONSTANT_CONVERSION = YES;
				CLANG_WARN_DIRECT_OBJC_ISA_USAGE = YES_ERROR;
				CLANG_WARN_DOCUMENTATION_COMMENTS = YES;
				CLANG_WARN_EMPTY_BODY = YES;
				CLANG_WARN_ENUM_CONVERSION = YES;
				CLANG_WARN_INFINITE_RECURSION = YES;
				CLANG_WARN_INT_CONVERSION = YES;
				CLANG_WARN_OBJC_ROOT_CLASS = YES_ERROR;
				CLANG_WARN_SUSPICIOUS_MOVE = YES;
				CLANG_WARN_UNREACHABLE_CODE = YES;
				CLANG_WARN__DUPLICATE_METHOD_MATCH = YES;
				"CODE_SIGN_IDENTITY[sdk=iphoneos*]" = "iPhone Developer";
				COPY_PHASE_STRIP = NO;
				DEBUG_INFORMATION_FORMAT = dwarf;
				ENABLE_STRICT_OBJC_MSGSEND = YES;
				ENABLE_TESTABILITY = YES;
				GCC_C_LANGUAGE_STANDARD = gnu99;
				GCC_DYNAMIC_NO_PIC = NO;
				GCC_NO_COMMON_BLOCKS = YES;
				GCC_OPTIMIZATION_LEVEL = 0;
				GCC_PREPROCESSOR_DEFINITIONS = (
					"DEBUG=1",
					"$(inherited)",
				);
				GCC_WARN_64_TO_32_BIT_CONVERSION = YES;
				GCC_WARN_ABOUT_RETURN_TYPE = YES_ERROR;
				GCC_WARN_UNDECLARED_SELECTOR = YES;
				GCC_WARN_UNINITIALIZED_AUTOS = YES_AGGRESSIVE;
				GCC_WARN_UNUSED_FUNCTION = YES;
				GCC_WARN_UNUSED_VARIABLE = YES;
				IPHONEOS_DEPLOYMENT_TARGET = 10.2;
				MTL_ENABLE_DEBUG_INFO = YES;
				ONLY_ACTIVE_ARCH = YES;
				SDKROOT = iphoneos;
				SWIFT_ACTIVE_COMPILATION_CONDITIONS = DEBUG;
				SWIFT_OPTIMIZATION_LEVEL = "-Onone";
				TARGETED_DEVICE_FAMILY = "1,2";
			};
			name = Debug;
		};
		B5536B401E3F688E00AB54DA /* Release */ = {
			isa = XCBuildConfiguration;
			buildSettings = {
				ALWAYS_SEARCH_USER_PATHS = NO;
				CLANG_ANALYZER_NONNULL = YES;
				CLANG_CXX_LANGUAGE_STANDARD = "gnu++0x";
				CLANG_CXX_LIBRARY = "libc++";
				CLANG_ENABLE_MODULES = YES;
				CLANG_ENABLE_OBJC_ARC = YES;
				CLANG_WARN_BOOL_CONVERSION = YES;
				CLANG_WARN_CONSTANT_CONVERSION = YES;
				CLANG_WARN_DIRECT_OBJC_ISA_USAGE = YES_ERROR;
				CLANG_WARN_DOCUMENTATION_COMMENTS = YES;
				CLANG_WARN_EMPTY_BODY = YES;
				CLANG_WARN_ENUM_CONVERSION = YES;
				CLANG_WARN_INFINITE_RECURSION = YES;
				CLANG_WARN_INT_CONVERSION = YES;
				CLANG_WARN_OBJC_ROOT_CLASS = YES_ERROR;
				CLANG_WARN_SUSPICIOUS_MOVE = YES;
				CLANG_WARN_UNREACHABLE_CODE = YES;
				CLANG_WARN__DUPLICATE_METHOD_MATCH = YES;
				"CODE_SIGN_IDENTITY[sdk=iphoneos*]" = "iPhone Developer";
				COPY_PHASE_STRIP = NO;
				DEBUG_INFORMATION_FORMAT = "dwarf-with-dsym";
				ENABLE_NS_ASSERTIONS = NO;
				ENABLE_STRICT_OBJC_MSGSEND = YES;
				GCC_C_LANGUAGE_STANDARD = gnu99;
				GCC_NO_COMMON_BLOCKS = YES;
				GCC_WARN_64_TO_32_BIT_CONVERSION = YES;
				GCC_WARN_ABOUT_RETURN_TYPE = YES_ERROR;
				GCC_WARN_UNDECLARED_SELECTOR = YES;
				GCC_WARN_UNINITIALIZED_AUTOS = YES_AGGRESSIVE;
				GCC_WARN_UNUSED_FUNCTION = YES;
				GCC_WARN_UNUSED_VARIABLE = YES;
				IPHONEOS_DEPLOYMENT_TARGET = 10.2;
				MTL_ENABLE_DEBUG_INFO = NO;
				SDKROOT = iphoneos;
				SWIFT_OPTIMIZATION_LEVEL = "-Owholemodule";
				TARGETED_DEVICE_FAMILY = "1,2";
				VALIDATE_PRODUCT = YES;
			};
			name = Release;
		};
		B5536B421E3F688E00AB54DA /* Debug */ = {
			isa = XCBuildConfiguration;
			buildSettings = {
				ASSETCATALOG_COMPILER_APPICON_NAME = AppIcon;
				INFOPLIST_FILE = FizzBuzz/Info.plist;
				LD_RUNPATH_SEARCH_PATHS = "$(inherited) @executable_path/Frameworks";
				PRODUCT_BUNDLE_IDENTIFIER = com.courtney.FizzBuzz;
				PRODUCT_NAME = "$(TARGET_NAME)";
				SWIFT_VERSION = 3.0;
			};
			name = Debug;
		};
		B5536B431E3F688E00AB54DA /* Release */ = {
			isa = XCBuildConfiguration;
			buildSettings = {
				ASSETCATALOG_COMPILER_APPICON_NAME = AppIcon;
				INFOPLIST_FILE = FizzBuzz/Info.plist;
				LD_RUNPATH_SEARCH_PATHS = "$(inherited) @executable_path/Frameworks";
				PRODUCT_BUNDLE_IDENTIFIER = com.courtney.FizzBuzz;
				PRODUCT_NAME = "$(TARGET_NAME)";
				SWIFT_VERSION = 3.0;
			};
			name = Release;
		};
		B5536B451E3F688E00AB54DA /* Debug */ = {
			isa = XCBuildConfiguration;
			buildSettings = {
				ALWAYS_EMBED_SWIFT_STANDARD_LIBRARIES = YES;
				BUNDLE_LOADER = "$(TEST_HOST)";
				CLANG_ENABLE_MODULES = YES;
				INFOPLIST_FILE = FizzBuzzTests/Info.plist;
				LD_RUNPATH_SEARCH_PATHS = "$(inherited) @executable_path/Frameworks @loader_path/Frameworks";
				PRODUCT_BUNDLE_IDENTIFIER = com.courtney.FizzBuzzTests;
				PRODUCT_NAME = "$(TARGET_NAME)";
				SWIFT_OBJC_BRIDGING_HEADER = "FizzBuzzTests-Bridging-Header.h";
				SWIFT_OPTIMIZATION_LEVEL = "-Onone";
				SWIFT_VERSION = 3.0;
				TEST_HOST = "$(BUILT_PRODUCTS_DIR)/FizzBuzz.app/FizzBuzz";
			};
			name = Debug;
		};
		B5536B461E3F688E00AB54DA /* Release */ = {
			isa = XCBuildConfiguration;
			buildSettings = {
				ALWAYS_EMBED_SWIFT_STANDARD_LIBRARIES = YES;
				BUNDLE_LOADER = "$(TEST_HOST)";
				CLANG_ENABLE_MODULES = YES;
				INFOPLIST_FILE = FizzBuzzTests/Info.plist;
				LD_RUNPATH_SEARCH_PATHS = "$(inherited) @executable_path/Frameworks @loader_path/Frameworks";
				PRODUCT_BUNDLE_IDENTIFIER = com.courtney.FizzBuzzTests;
				PRODUCT_NAME = "$(TARGET_NAME)";
				SWIFT_OBJC_BRIDGING_HEADER = "FizzBuzzTests-Bridging-Header.h";
				SWIFT_VERSION = 3.0;
				TEST_HOST = "$(BUILT_PRODUCTS_DIR)/FizzBuzz.app/FizzBuzz";
			};
			name = Release;
		};
		B5536B481E3F688E00AB54DA /* Debug */ = {
			isa = XCBuildConfiguration;
			buildSettings = {
				ALWAYS_EMBED_SWIFT_STANDARD_LIBRARIES = YES;
				INFOPLIST_FILE = FizzBuzzUITests/Info.plist;
				LD_RUNPATH_SEARCH_PATHS = "$(inherited) @executable_path/Frameworks @loader_path/Frameworks";
				PRODUCT_BUNDLE_IDENTIFIER = com.courtney.FizzBuzzUITests;
				PRODUCT_NAME = "$(TARGET_NAME)";
				SWIFT_VERSION = 3.0;
				TEST_TARGET_NAME = FizzBuzz;
			};
			name = Debug;
		};
		B5536B491E3F688E00AB54DA /* Release */ = {
			isa = XCBuildConfiguration;
			buildSettings = {
				ALWAYS_EMBED_SWIFT_STANDARD_LIBRARIES = YES;
				INFOPLIST_FILE = FizzBuzzUITests/Info.plist;
				LD_RUNPATH_SEARCH_PATHS = "$(inherited) @executable_path/Frameworks @loader_path/Frameworks";
				PRODUCT_BUNDLE_IDENTIFIER = com.courtney.FizzBuzzUITests;
				PRODUCT_NAME = "$(TARGET_NAME)";
				SWIFT_VERSION = 3.0;
				TEST_TARGET_NAME = FizzBuzz;
			};
			name = Release;
		};
/* End XCBuildConfiguration section */

/* Begin XCConfigurationList section */
		B5536B141E3F688E00AB54DA /* Build configuration list for PBXProject "FizzBuzz" */ = {
			isa = XCConfigurationList;
			buildConfigurations = (
				B5536B3F1E3F688E00AB54DA /* Debug */,
				B5536B401E3F688E00AB54DA /* Release */,
			);
			defaultConfigurationIsVisible = 0;
			defaultConfigurationName = Release;
		};
		B5536B411E3F688E00AB54DA /* Build configuration list for PBXNativeTarget "FizzBuzz" */ = {
			isa = XCConfigurationList;
			buildConfigurations = (
				B5536B421E3F688E00AB54DA /* Debug */,
				B5536B431E3F688E00AB54DA /* Release */,
			);
			defaultConfigurationIsVisible = 0;
		};
		B5536B441E3F688E00AB54DA /* Build configuration list for PBXNativeTarget "FizzBuzzTests" */ = {
			isa = XCConfigurationList;
			buildConfigurations = (
				B5536B451E3F688E00AB54DA /* Debug */,
				B5536B461E3F688E00AB54DA /* Release */,
			);
			defaultConfigurationIsVisible = 0;
		};
		B5536B471E3F688E00AB54DA /* Build configuration list for PBXNativeTarget "FizzBuzzUITests" */ = {
			isa = XCConfigurationList;
			buildConfigurations = (
				B5536B481E3F688E00AB54DA /* Debug */,
				B5536B491E3F688E00AB54DA /* Release */,
			);
			defaultConfigurationIsVisible = 0;
		};
/* End XCConfigurationList section */
	};
	rootObject = B5536B111E3F688E00AB54DA /* Project object */;
}
